
Microsoft Visual Studio Solution File, Format Version 12.00
# Visual Studio Version 16
VisualStudioVersion = 16.0.30114.105
MinimumVisualStudioVersion = 10.0.40219.1
Project("{FAE04EC0-301F-11D3-BF4B-00C04F79EFBC}") = "WebApi", "WebApi\WebApi.csproj", "{EB7D1BD8-272E-42B9-AA20-F5602406332A}"
EndProject
Project("{2150E333-8FDC-42A3-9474-1A3956D46DE8}") = "Tests", "Tests", "{FF639AAB-0C32-40BD-A439-FFE7080816F0}"
EndProject
Project("{FAE04EC0-301F-11D3-BF4B-00C04F79EFBC}") = "WebApi.UnitTests", "Tests\Webapi.UnitTests\WebApi.UnitTests.csproj", "{C3547D64-1D8E-451C-A2A5-58BD89A4EBD9}"
EndProject
Global
	GlobalSection(SolutionConfigurationPlatforms) = preSolution
		Debug|Any CPU = Debug|Any CPU
		Debug|x64 = Debug|x64
		Debug|x86 = Debug|x86
		Release|Any CPU = Release|Any CPU
		Release|x64 = Release|x64
		Release|x86 = Release|x86
	EndGlobalSection
	GlobalSection(SolutionProperties) = preSolution
		HideSolutionNode = FALSE
	EndGlobalSection
	GlobalSection(ProjectConfigurationPlatforms) = postSolution
		{EB7D1BD8-272E-42B9-AA20-F5602406332A}.Debug|Any CPU.ActiveCfg = Debug|Any CPU
		{EB7D1BD8-272E-42B9-AA20-F5602406332A}.Debug|Any CPU.Build.0 = Debug|Any CPU
		{EB7D1BD8-272E-42B9-AA20-F5602406332A}.Debug|x64.ActiveCfg = Debug|Any CPU
		{EB7D1BD8-272E-42B9-AA20-F5602406332A}.Debug|x64.Build.0 = Debug|Any CPU
		{EB7D1BD8-272E-42B9-AA20-F5602406332A}.Debug|x86.ActiveCfg = Debug|Any CPU
		{EB7D1BD8-272E-42B9-AA20-F5602406332A}.Debug|x86.Build.0 = Debug|Any CPU
		{EB7D1BD8-272E-42B9-AA20-F5602406332A}.Release|Any CPU.ActiveCfg = Release|Any CPU
		{EB7D1BD8-272E-42B9-AA20-F5602406332A}.Release|Any CPU.Build.0 = Release|Any CPU
		{EB7D1BD8-272E-42B9-AA20-F5602406332A}.Release|x64.ActiveCfg = Release|Any CPU
		{EB7D1BD8-272E-42B9-AA20-F5602406332A}.Release|x64.Build.0 = Release|Any CPU
		{EB7D1BD8-272E-42B9-AA20-F5602406332A}.Release|x86.ActiveCfg = Release|Any CPU
		{EB7D1BD8-272E-42B9-AA20-F5602406332A}.Release|x86.Build.0 = Release|Any CPU
		{C3547D64-1D8E-451C-A2A5-58BD89A4EBD9}.Debug|Any CPU.ActiveCfg = Debug|Any CPU
		{C3547D64-1D8E-451C-A2A5-58BD89A4EBD9}.Debug|Any CPU.Build.0 = Debug|Any CPU
		{C3547D64-1D8E-451C-A2A5-58BD89A4EBD9}.Debug|x64.ActiveCfg = Debug|Any CPU
		{C3547D64-1D8E-451C-A2A5-58BD89A4EBD9}.Debug|x64.Build.0 = Debug|Any CPU
		{C3547D64-1D8E-451C-A2A5-58BD89A4EBD9}.Debug|x86.ActiveCfg = Debug|Any CPU
		{C3547D64-1D8E-451C-A2A5-58BD89A4EBD9}.Debug|x86.Build.0 = Debug|Any CPU
		{C3547D64-1D8E-451C-A2A5-58BD89A4EBD9}.Release|Any CPU.ActiveCfg = Release|Any CPU
		{C3547D64-1D8E-451C-A2A5-58BD89A4EBD9}.Release|Any CPU.Build.0 = Release|Any CPU
		{C3547D64-1D8E-451C-A2A5-58BD89A4EBD9}.Release|x64.ActiveCfg = Release|Any CPU
		{C3547D64-1D8E-451C-A2A5-58BD89A4EBD9}.Release|x64.Build.0 = Release|Any CPU
		{C3547D64-1D8E-451C-A2A5-58BD89A4EBD9}.Release|x86.ActiveCfg = Release|Any CPU
		{C3547D64-1D8E-451C-A2A5-58BD89A4EBD9}.Release|x86.Build.0 = Release|Any CPU
	EndGlobalSection
	GlobalSection(NestedProjects) = preSolution
		{C3547D64-1D8E-451C-A2A5-58BD89A4EBD9} = {FF639AAB-0C32-40BD-A439-FFE7080816F0}
	EndGlobalSection
EndGlobal
